<?xml version="1.0" encoding="utf-8"?>
<Project ToolsVersion="4.0" xmlns="http://schemas.microsoft.com/developer/msbuild/2003">
  <ItemGroup>
    <ClCompile Include="main.cpp" />
    <ClCompile Include="includes\ProgramBuilder.cpp">
      <Filter>Includes</Filter>
    </ClCompile>
    <ClCompile Include="includes\SDL_GLDebugMessageCallback.cpp">
      <Filter>Includes</Filter>
    </ClCompile>
    <ClCompile Include="includes\ObjParser.cpp">
      <Filter>Includes</Filter>
    </ClCompile>
    <ClCompile Include="includes\GLUtils.cpp">
      <Filter>Includes</Filter>
    </ClCompile>
    <ClCompile Include="includes\CameraManipulator.cpp">
      <Filter>Includes</Filter>
    </ClCompile>
    <ClCompile Include="includes\Camera.cpp">
      <Filter>Includes</Filter>
    </ClCompile>
    <ClCompile Include="Sources\MyApp.cpp">
      <Filter>Sources</Filter>
    </ClCompile>
    <ClCompile Include="Sources\Models\Bezier.cpp">
      <Filter>Sources\Models</Filter>
    </ClCompile>
    <ClCompile Include="Sources\Models\Material.cpp">
      <Filter>Sources\Models</Filter>
    </ClCompile>
    <ClCompile Include="Sources\Models\Mesh.cpp">
      <Filter>Sources\Models</Filter>
    </ClCompile>
    <ClCompile Include="Sources\Models\Model.cpp">
      <Filter>Sources\Models</Filter>
    </ClCompile>
    <ClCompile Include="Sources\Models\BSpline.cpp">
      <Filter>Sources\Models</Filter>
    </ClCompile>
    <ClCompile Include="Sources\Models\BezierSurface.cpp">
      <Filter>Sources\Models</Filter>
    </ClCompile>
    <ClCompile Include="Sources\Models\DiscreteCurve.cpp">
      <Filter>Sources\Models</Filter>
    </ClCompile>
    <ClCompile Include="Sources\Models\ModelBase.cpp">
      <Filter>Sources\Models</Filter>
    </ClCompile>
  </ItemGroup>
  <ItemGroup>
    <ClInclude Include="includes\ProgramBuilder.h">
      <Filter>Includes</Filter>
    </ClInclude>
    <ClInclude Include="includes\SDL_GLDebugMessageCallback.h">
      <Filter>Includes</Filter>
    </ClInclude>
    <ClInclude Include="includes\ObjParser.h">
      <Filter>Includes</Filter>
    </ClInclude>
    <ClInclude Include="includes\GLUtils.hpp">
      <Filter>Includes</Filter>
    </ClInclude>
    <ClInclude Include="includes\CameraManipulator.h">
      <Filter>Includes</Filter>
    </ClInclude>
    <ClInclude Include="includes\Camera.h">
      <Filter>Includes</Filter>
    </ClInclude>
    <ClInclude Include="Headers\ModelBase.h">
      <Filter>Headers</Filter>
    </ClInclude>
    <ClInclude Include="Headers\MyApp.h">
      <Filter>Headers</Filter>
    </ClInclude>
    <ClInclude Include="Headers\Log.h">
      <Filter>Headers</Filter>
    </ClInclude>
    <ClInclude Include="Headers\Transformation.h">
      <Filter>Headers</Filter>
    </ClInclude>
    <ClInclude Include="Headers\config.h">
      <Filter>Headers</Filter>
    </ClInclude>
    <ClInclude Include="Headers\include_all.h">
      <Filter>Headers</Filter>
    </ClInclude>
    <ClInclude Include="Headers\ModelLoader.h">
      <Filter>Headers</Filter>
    </ClInclude>
    <ClInclude Include="Headers\Model.h">
      <Filter>Headers</Filter>
    </ClInclude>
    <ClInclude Include="Headers\Mesh.h">
      <Filter>Headers</Filter>
    </ClInclude>
    <ClInclude Include="Headers\Types.h">
      <Filter>Headers</Filter>
    </ClInclude>
    <ClInclude Include="Headers\Interfaces\IDrawable.h">
      <Filter>Headers\Interfaces</Filter>
    </ClInclude>
    <ClInclude Include="Headers\Interfaces\IPrintable.h">
      <Filter>Headers\Interfaces</Filter>
    </ClInclude>
    <ClInclude Include="Headers\Material.h">
      <Filter>Headers</Filter>
    </ClInclude>
    <ClInclude Include="Headers\Classes.h">
      <Filter>Headers</Filter>
    </ClInclude>
    <ClInclude Include="Headers\Light.h">
      <Filter>Headers</Filter>
    </ClInclude>
    <ClInclude Include="Headers\Surfaces\BezierSurface.h">
      <Filter>Headers\Surfaces</Filter>
    </ClInclude>
    <ClInclude Include="Headers\Curves\Bezier.h">
      <Filter>Headers\Curves</Filter>
    </ClInclude>
    <ClInclude Include="Headers\Curves\BSpline.h">
      <Filter>Headers\Curves</Filter>
    </ClInclude>
    <ClInclude Include="Headers\Curves\BSplineInterpolation.h">
      <Filter>Headers\Curves</Filter>
    </ClInclude>
    <ClInclude Include="Headers\Curves\DiscreteCurve.h">
      <Filter>Headers\Curves</Filter>
    </ClInclude>
  </ItemGroup>
  <ItemGroup>
    <Image Include="Assets\lab_xneg.png">
      <Filter>Assets</Filter>
    </Image>
    <Image Include="Assets\lab_xpos.png">
      <Filter>Assets</Filter>
    </Image>
    <Image Include="Assets\lab_yneg.png">
      <Filter>Assets</Filter>
    </Image>
    <Image Include="Assets\lab_ypos.png">
      <Filter>Assets</Filter>
    </Image>
    <Image Include="Assets\lab_zneg.png">
      <Filter>Assets</Filter>
    </Image>
    <Image Include="Assets\lab_zpos.png">
      <Filter>Assets</Filter>
    </Image>
    <Image Include="Assets\metal.png">
      <Filter>Assets</Filter>
    </Image>
    <Image Include="Assets\nx.jpg">
      <Filter>Assets</Filter>
    </Image>
    <Image Include="Assets\nz.jpg">
      <Filter>Assets</Filter>
    </Image>
    <Image Include="Assets\ny.jpg">
      <Filter>Assets</Filter>
    </Image>
    <Image Include="Assets\px.jpg">
      <Filter>Assets</Filter>
    </Image>
    <Image Include="Assets\py.jpg">
      <Filter>Assets</Filter>
    </Image>
    <Image Include="Assets\pz.jpg">
      <Filter>Assets</Filter>
    </Image>
    <Image Include="Assets\xneg.png">
      <Filter>Assets</Filter>
    </Image>
    <Image Include="Assets\xpos.png">
      <Filter>Assets</Filter>
    </Image>
    <Image Include="Assets\yneg.png">
      <Filter>Assets</Filter>
    </Image>
    <Image Include="Assets\ypos.png">
      <Filter>Assets</Filter>
    </Image>
    <Image Include="Assets\zneg.png">
      <Filter>Assets</Filter>
    </Image>
    <Image Include="Assets\zpos.png">
      <Filter>Assets</Filter>
    </Image>
    <Image Include="Assets\heightmap_dot.png">
      <Filter>Assets</Filter>
    </Image>
    <Image Include="Assets\spikes.png">
      <Filter>Assets</Filter>
    </Image>
    <Image Include="Assets\Earth-heightmap-small.png">
      <Filter>Assets</Filter>
    </Image>
    <Image Include="Assets\desert-heightmap.jpg">
      <Filter>Assets</Filter>
    </Image>
  </ItemGroup>
  <ItemGroup>
    <None Include="Shaders\Axes\Frag_PosCol.frag">
      <Filter>Shaders\Axes</Filter>
    </None>
    <None Include="Shaders\Axes\Vert_axes.vert">
      <Filter>Shaders\Axes</Filter>
    </None>
    <None Include="Shaders\Skybox\Frag_skybox_skeleton.frag">
      <Filter>Shaders\Skybox</Filter>
    </None>
    <None Include="Shaders\Skybox\Vert_skybox.vert">
      <Filter>Shaders\Skybox</Filter>
    </None>
    <None Include="Shaders\Models\Vert_Model.vert">
      <Filter>Shaders\Models</Filter>
    </None>
    <None Include="Shaders\Debug\Frag_Points.frag">
      <Filter>Shaders\Debug</Filter>
    </None>
    <None Include="Shaders\Debug\Vert_Points.vert">
      <Filter>Shaders\Debug</Filter>
    </None>
    <None Include="Shaders\Debug\Vert_Cones.vert">
      <Filter>Shaders\Debug</Filter>
    </None>
    <None Include="Shaders\Debug\Geom_Cones.geom">
      <Filter>Shaders\Debug</Filter>
    </None>
    <None Include="Shaders\Models\Frag_Lighting.frag">
      <Filter>Shaders\Models</Filter>
    </None>
    <None Include="Shaders\Models\Frag_Selected.frag">
      <Filter>Shaders\Models</Filter>
    </None>
    <None Include="Shaders\Models\Vert_Selected.vert">
      <Filter>Shaders\Models</Filter>
    </None>
    <None Include="Shaders\Bezier\Vert_Bezier.vert">
      <Filter>Shaders\Bezier</Filter>
    </None>
    <None Include="Shaders\Bezier\Frag_Bezier.frag">
      <Filter>Shaders\Bezier</Filter>
    </None>
    <None Include="Shaders\Shadow\Vert_Shadow.vert">
      <Filter>Shaders\Shadow</Filter>
    </None>
    <None Include="Shaders\BSpline\Vert_BSpline.vert">
      <Filter>Shaders\BSpline</Filter>
    </None>
    <None Include="Shaders\BSpline\Frag_BSpline.frag">
      <Filter>Shaders\BSpline</Filter>
    </None>
    <None Include="Shaders\BezierSurface\Frag_BezierSurface.frag">
      <Filter>Shaders\BezierSurface</Filter>
    </None>
    <None Include="Shaders\BezierSurface\Frag_BezierSurfaceSelected.frag">
      <Filter>Shaders\BezierSurface</Filter>
    </None>
    <None Include="Shaders\BezierSurface\Vert_BezierSurfaceSelected.vert">
      <Filter>Shaders\BezierSurface</Filter>
    </None>
    <None Include="Shaders\BezierSurface\Vert_BezierSurface.vert">
      <Filter>Shaders\BezierSurface</Filter>
    </None>
    <None Include="Shaders\Vert_PosNormTex.vert">
      <Filter>Shaders</Filter>
    </None>
    <None Include="Shaders\Frag_Simple.frag">
      <Filter>Shaders</Filter>
    </None>
    <None Include="Shaders\Bezier\Vert_BezierSelected.vert">
      <Filter>Shaders\Bezier</Filter>
    </None>
    <None Include="Shaders\BSpline\Vert_BSplineSelected.vert">
      <Filter>Shaders\BSpline</Filter>
    </None>
    <None Include="Shaders\DiscreteCurve\Frag_DiscreteCurve.frag">
      <Filter>Shaders\DiscreteCurve</Filter>
    </None>
    <None Include="Shaders\DiscreteCurve\Vert_DiscreteCurve.vert">
      <Filter>Shaders\DiscreteCurve</Filter>
    </None>
    <None Include="Shaders\DiscreteCurve\Vert_DiscreteCurveSelected.vert">
      <Filter>Shaders\DiscreteCurve</Filter>
    </None>
    <None Include="Shaders\Modules\BezierUtils.glsl">
      <Filter>Shaders\Modules</Filter>
    </None>
    <None Include="Shaders\Modules\Math.glsl">
      <Filter>Shaders\Modules</Filter>
    </None>
    <None Include="Shaders\Modules\BezierSurfaceUtils.glsl">
      <Filter>Shaders\Modules</Filter>
    </None>
    <None Include="Shaders\Modules\BSplineUtils.glsl">
      <Filter>Shaders\Modules</Filter>
    </None>
    <None Include="Shaders\Modules\Material.glsl">
      <Filter>Shaders\Modules</Filter>
    </None>
    <None Include="Shaders\Modules\Light.glsl">
      <Filter>Shaders\Modules</Filter>
    </None>
    <None Include="Shaders\Modules\ClickHandler\ClickHandler_uniforms.glsl">
      <Filter>Shaders\Modules\ClickHandler</Filter>
    </None>
    <None Include="Shaders\Modules\ClickHandler\ClickHandler.glsl">
      <Filter>Shaders\Modules\ClickHandler</Filter>
    </None>
  </ItemGroup>
  <ItemGroup>
    <Text Include="Assets\cube.obj">
      <Filter>Assets</Filter>
    </Text>
    <Text Include="Assets\ico-sphere-3.obj">
      <Filter>Assets</Filter>
    </Text>
    <Text Include="Assets\ico-sphere-4.obj">
      <Filter>Assets</Filter>
    </Text>
    <Text Include="Assets\Suzanne.obj">
      <Filter>Assets</Filter>
    </Text>
    <Text Include="Assets\uv-sphere-32.obj">
      <Filter>Assets</Filter>
    </Text>
    <Text Include="Assets\uv-sphere-64.obj">
      <Filter>Assets</Filter>
    </Text>
  </ItemGroup>
  <ItemGroup>
    <Filter Include="Assets">
      <UniqueIdentifier>{dc1b0883-f86b-4752-b1de-a571bafb16aa}</UniqueIdentifier>
    </Filter>
    <Filter Include="Shaders">
      <UniqueIdentifier>{33f73cb3-71e5-4dee-93f0-35a118e8c44f}</UniqueIdentifier>
    </Filter>
    <Filter Include="Headers">
      <UniqueIdentifier>{b647236b-98a4-4c74-ad31-9ef242ac10b5}</UniqueIdentifier>
    </Filter>
    <Filter Include="Includes">
      <UniqueIdentifier>{a21c0227-c922-4e18-92d3-090a65cd527f}</UniqueIdentifier>
    </Filter>
    <Filter Include="Sources">
      <UniqueIdentifier>{3ad2ad83-03c1-4a81-94eb-6504f885bcad}</UniqueIdentifier>
    </Filter>
    <Filter Include="Shaders\Axes">
      <UniqueIdentifier>{1cdc5433-7cef-4630-87b4-1dc0ae1adedf}</UniqueIdentifier>
    </Filter>
    <Filter Include="Shaders\Skybox">
      <UniqueIdentifier>{635ef6e0-8067-4c35-8e10-1577557036a8}</UniqueIdentifier>
    </Filter>
    <Filter Include="Shaders\Models">
      <UniqueIdentifier>{00816edf-bbb7-462c-97e7-3ca45691a18a}</UniqueIdentifier>
    </Filter>
    <Filter Include="Shaders\Debug">
      <UniqueIdentifier>{bb056941-0079-493f-95ca-2cae444d7822}</UniqueIdentifier>
    </Filter>
    <Filter Include="Shaders\Bezier">
      <UniqueIdentifier>{057c0e8f-7db8-44dd-81b0-2e6be86924d1}</UniqueIdentifier>
    </Filter>
    <Filter Include="Shaders\Shadow">
      <UniqueIdentifier>{090520a3-be30-4e98-8534-672812a7f5aa}</UniqueIdentifier>
    </Filter>
    <Filter Include="Headers\Interfaces">
      <UniqueIdentifier>{833306ea-db4e-4e26-902e-302965913292}</UniqueIdentifier>
    </Filter>
    <Filter Include="Sources\Models">
      <UniqueIdentifier>{5909df44-71b3-4737-9994-ca5a561f0af3}</UniqueIdentifier>
    </Filter>
    <Filter Include="Shaders\BSpline">
      <UniqueIdentifier>{665623af-d015-43b6-9cf7-0405ad5af426}</UniqueIdentifier>
    </Filter>
    <Filter Include="Headers\Surfaces">
      <UniqueIdentifier>{bbaa54f1-9118-4fcc-9aca-0a31c296ffc0}</UniqueIdentifier>
    </Filter>
    <Filter Include="Shaders\BezierSurface">
      <UniqueIdentifier>{cfc39ced-41c2-43aa-a016-c5a53c04f731}</UniqueIdentifier>
    </Filter>
    <Filter Include="Shaders\DiscreteCurve">
      <UniqueIdentifier>{91f6c85c-8620-400b-9027-5472bfba5c26}</UniqueIdentifier>
    </Filter>
    <Filter Include="Headers\Curves">
      <UniqueIdentifier>{1ebca7b4-d18c-47fb-9778-501d1159fb79}</UniqueIdentifier>
    </Filter>
    <Filter Include="Shaders\Modules">
      <UniqueIdentifier>{fdff6cae-9011-4ec0-b37c-edb0e4b10a80}</UniqueIdentifier>
    </Filter>
    <Filter Include="Shaders\Modules\ClickHandler">
      <UniqueIdentifier>{e4ba56b0-57af-45d6-abaa-dfbcf30bf23a}</UniqueIdentifier>
    </Filter>
  </ItemGroup>
</Project>